<?xml version="1.0" encoding="UTF-8" standalone="yes" ?>
<CodeBlocks_project_file>
	<FileVersion major="1" minor="6" />
	<Project>
		<Option title="Pingui" />
		<Option pch_mode="2" />
		<Option compiler="cygwin" />
		<Build>
			<Target title="Debug Win32">
				<Option output="./bin/Pingui" prefix_auto="1" extension_auto="1" />
				<Option working_dir="bin" />
				<Option object_output="Debug/" />
				<Option deps_output="./Debug/" />
				<Option type="0" />
				<Option compiler="gcc" />
				<Compiler>
					<Add option="-fpermissive" />
					<Add option="-DPLATFORM_WIN32" />
					<Add directory="inc/" />
				</Compiler>
				<Linker>
					<Add library="lib/libfltk.a" />
					<Add library="lib/libfltk_forms.a" />
					<Add library="lib/libfltk_gl.a" />
					<Add library="lib/libfltk_images.a" />
					<Add library="lib/libfltk_jpeg.a" />
					<Add library="lib/libfltk_png.a" />
					<Add library="lib/libfltk_z.a" />
					<Add library="C:/Program Files/CodeBlocks/MinGW/x86_64-w64-mingw32/lib/libiphlpapi.a" />
					<Add library="../../../../Program Files/CodeBlocks/MinGW/x86_64-w64-mingw32/lib/libws2_32.a" />
					<Add library="C:/Program Files/CodeBlocks/MinGW/x86_64-w64-mingw32/lib/libole32.a" />
					<Add library="C:/Program Files/CodeBlocks/MinGW/x86_64-w64-mingw32/lib/libuuid.a" />
					<Add library="C:/Program Files/CodeBlocks/MinGW/x86_64-w64-mingw32/lib/libuser32.a" />
					<Add library="C:/Program Files/CodeBlocks/MinGW/x86_64-w64-mingw32/lib/libcomctl32.a" />
					<Add directory="lib/" />
				</Linker>
			</Target>
			<Target title="Release Win32">
				<Option output="./Release/Pingui" prefix_auto="1" extension_auto="1" />
				<Option working_dir="bin" />
				<Option object_output="Release/" />
				<Option deps_output="./Release/" />
				<Option type="0" />
				<Option compiler="gcc" />
				<Compiler>
					<Add option="-DPLATFORM_WIN32" />
					<Add directory="C:/Sviluppo/Pingui/inc/" />
				</Compiler>
				<Linker>
					<Add library="lib/libfltk.a" />
					<Add library="lib/libfltk_forms.a" />
					<Add library="lib/libfltk_gl.a" />
					<Add library="lib/libfltk_images.a" />
					<Add library="lib/libfltk_jpeg.a" />
					<Add library="lib/libfltk_png.a" />
					<Add library="lib/libfltk_z.a" />
					<Add library="C:/Program Files/CodeBlocks/MinGW/x86_64-w64-mingw32/lib/libiphlpapi.a" />
					<Add library="../../../../Program Files/CodeBlocks/MinGW/x86_64-w64-mingw32/lib/libws2_32.a" />
					<Add library="C:/Program Files/CodeBlocks/MinGW/x86_64-w64-mingw32/lib/libole32.a" />
					<Add library="C:/Program Files/CodeBlocks/MinGW/x86_64-w64-mingw32/lib/libuuid.a" />
					<Add library="C:/Program Files/CodeBlocks/MinGW/x86_64-w64-mingw32/lib/libuser32.a" />
					<Add library="C:/Program Files/CodeBlocks/MinGW/x86_64-w64-mingw32/lib/libcomctl32.a" />
					<Add directory="lib/" />
				</Linker>
			</Target>
			<Target title="Debug Linux">
				<Option output="./bin/Pingui" prefix_auto="1" extension_auto="1" />
				<Option working_dir="bin" />
				<Option object_output="Debug/" />
				<Option deps_output="./Debug/" />
				<Option type="0" />
				<Option compiler="gcc" />
				<Compiler>
					<Add option="-fpermissive" />
					<Add option="-DHAVE_PTHREAD_H" />
					<Add option="-DPLATFORM_LINUX" />
					<Add directory="inc/" />
				</Compiler>
				<Linker>
					<Add library="/usr/lib/x86_64-linux-gnu/libfltk.a" />
					<Add library="Xrender" />
					<Add library="Xext" />
					<Add library="Xfixes" />
					<Add library="fontconfig" />
					<Add library="Xft" />
					<Add library="Xinerama" />
					<Add library="pthread" />
					<Add library="dl" />
					<Add library="m" />
					<Add library="X11" />
					<Add library="Xcursor" />
					<Add directory="lib/" />
					<Add directory="C:/Users/slocascio/Progetti/Pingui/lib" />
				</Linker>
			</Target>
		</Build>
		<Compiler>
			<Add directory="." />
		</Compiler>
		<ResourceCompiler>
			<Add directory="." />
		</ResourceCompiler>
		<Unit filename="bin/Pingui.conf" />
		<Unit filename="src/MovingWindow.h" />
		<Unit filename="src/NetPlatform.h" />
		<Unit filename="src/NodeManager.h" />
		<Unit filename="src/SysPlatform.h" />
		<Unit filename="src/icon.h" />
		<Unit filename="src/main.cpp" />
		<Unit filename="src/threads.h" />
		<Extensions>
			<editor_config active="1" use_tabs="1" tab_indents="1" tab_width="2" indent="2" eol_mode="0" />
		</Extensions>
	</Project>
</CodeBlocks_project_file>
